
Microsoft Visual Studio Solution File, Format Version 12.00
# Visual Studio 2012
Project("{8BC9CEB8-8B4A-11D0-8D11-00A0C91BC942}") = "FuzzyImageEditor", "FuzzyImageEditor\FuzzyImageEditor.vcxproj", "{DD35192F-76EF-4202-ACC1-28E982F2EE94}"
EndProject
Global
	GlobalSection(SubversionScc) = preSolution
		Svn-Managed = True
		Manager = AnkhSVN - Subversion Support for Visual Studio
	EndGlobalSection
	GlobalSection(SolutionConfigurationPlatforms) = preSolution
		CD_ROM|Win32 = CD_ROM|Win32
		Debug|Win32 = Debug|Win32
		DVD-5|Win32 = DVD-5|Win32
		Release|Win32 = Release|Win32
		SingleImage|Win32 = SingleImage|Win32
	EndGlobalSection
	GlobalSection(ProjectConfigurationPlatforms) = postSolution
		{DD35192F-76EF-4202-ACC1-28E982F2EE94}.CD_ROM|Win32.ActiveCfg = Release|Win32
		{DD35192F-76EF-4202-ACC1-28E982F2EE94}.CD_ROM|Win32.Build.0 = Release|Win32
		{DD35192F-76EF-4202-ACC1-28E982F2EE94}.Debug|Win32.ActiveCfg = Debug|Win32
		{DD35192F-76EF-4202-ACC1-28E982F2EE94}.Debug|Win32.Build.0 = Debug|Win32
		{DD35192F-76EF-4202-ACC1-28E982F2EE94}.DVD-5|Win32.ActiveCfg = Debug|Win32
		{DD35192F-76EF-4202-ACC1-28E982F2EE94}.DVD-5|Win32.Build.0 = Debug|Win32
		{DD35192F-76EF-4202-ACC1-28E982F2EE94}.Release|Win32.ActiveCfg = Release|Win32
		{DD35192F-76EF-4202-ACC1-28E982F2EE94}.Release|Win32.Build.0 = Release|Win32
		{DD35192F-76EF-4202-ACC1-28E982F2EE94}.SingleImage|Win32.ActiveCfg = Release|Win32
		{DD35192F-76EF-4202-ACC1-28E982F2EE94}.SingleImage|Win32.Build.0 = Release|Win32
	EndGlobalSection
	GlobalSection(SolutionProperties) = preSolution
		HideSolutionNode = FALSE
	EndGlobalSection
EndGlobal
